
Microsoft Visual Studio Solution File, Format Version 12.00
# Visual Studio 15
VisualStudioVersion = 15.0.26730.12
MinimumVisualStudioVersion = 10.0.40219.1
Project("{FAE04EC0-301F-11D3-BF4B-00C04F79EFBC}") = "EstoqueEntityModel", "EstoqueEntityModel\EstoqueEntityModel.csproj", "{20C57B7E-C548-4589-B107-D181A242AF71}"
EndProject
Project("{E24C65DC-7377-472B-9ABA-BC803B73C61A}") = "ServicoEstoque", "ServicoEstoque\", "{F083B1CC-5EDF-4109-BA42-51EA331A108D}"
	ProjectSection(WebsiteProperties) = preProject
		TargetFrameworkMoniker = ".NETFramework,Version%3Dv4.6.1"
		ProjectReferences = "{20c57b7e-c548-4589-b107-d181a242af71}|EstoqueEntityModel.dll;"
		Debug.AspNetCompiler.VirtualPath = "/localhost_58785"
		Debug.AspNetCompiler.PhysicalPath = "ServicoEstoque\"
		Debug.AspNetCompiler.TargetPath = "PrecompiledWeb\localhost_58785\"
		Debug.AspNetCompiler.Updateable = "true"
		Debug.AspNetCompiler.ForceOverwrite = "true"
		Debug.AspNetCompiler.FixedNames = "false"
		Debug.AspNetCompiler.Debug = "True"
		Release.AspNetCompiler.VirtualPath = "/localhost_58785"
		Release.AspNetCompiler.PhysicalPath = "ServicoEstoque\"
		Release.AspNetCompiler.TargetPath = "PrecompiledWeb\localhost_58785\"
		Release.AspNetCompiler.Updateable = "true"
		Release.AspNetCompiler.ForceOverwrite = "true"
		Release.AspNetCompiler.FixedNames = "false"
		Release.AspNetCompiler.Debug = "False"
		VWDPort = "58785"
		SlnRelativePath = "ServicoEstoque\"
		DefaultWebSiteLanguage = "Visual C#"
	EndProjectSection
EndProject
Project("{FAE04EC0-301F-11D3-BF4B-00C04F79EFBC}") = "EstoqueLibrary", "EstoqueLibrary\EstoqueLibrary.csproj", "{A023796F-2450-4804-9AA2-082A922391A0}"
EndProject
Project("{FAE04EC0-301F-11D3-BF4B-00C04F79EFBC}") = "ProvedorEstoqueHost", "ProvedorEstoqueHost\ProvedorEstoqueHost.csproj", "{C295E9FF-A3DE-4643-955C-7015F479F423}"
EndProject
Project("{FAE04EC0-301F-11D3-BF4B-00C04F79EFBC}") = "ClienteIServicoEstoque", "ClienteIServicoEstoque\ClienteIServicoEstoque.csproj", "{0C1B873B-283E-4E6C-8AC0-B80F1F75825F}"
	ProjectSection(ProjectDependencies) = postProject
		{F083B1CC-5EDF-4109-BA42-51EA331A108D} = {F083B1CC-5EDF-4109-BA42-51EA331A108D}
	EndProjectSection
EndProject
Global
	GlobalSection(SolutionConfigurationPlatforms) = preSolution
		Debug|Any CPU = Debug|Any CPU
		Release|Any CPU = Release|Any CPU
	EndGlobalSection
	GlobalSection(ProjectConfigurationPlatforms) = postSolution
		{20C57B7E-C548-4589-B107-D181A242AF71}.Debug|Any CPU.ActiveCfg = Debug|Any CPU
		{20C57B7E-C548-4589-B107-D181A242AF71}.Debug|Any CPU.Build.0 = Debug|Any CPU
		{20C57B7E-C548-4589-B107-D181A242AF71}.Release|Any CPU.ActiveCfg = Release|Any CPU
		{20C57B7E-C548-4589-B107-D181A242AF71}.Release|Any CPU.Build.0 = Release|Any CPU
		{F083B1CC-5EDF-4109-BA42-51EA331A108D}.Debug|Any CPU.ActiveCfg = Debug|Any CPU
		{F083B1CC-5EDF-4109-BA42-51EA331A108D}.Debug|Any CPU.Build.0 = Debug|Any CPU
		{F083B1CC-5EDF-4109-BA42-51EA331A108D}.Release|Any CPU.ActiveCfg = Debug|Any CPU
		{F083B1CC-5EDF-4109-BA42-51EA331A108D}.Release|Any CPU.Build.0 = Debug|Any CPU
		{A023796F-2450-4804-9AA2-082A922391A0}.Debug|Any CPU.ActiveCfg = Debug|Any CPU
		{A023796F-2450-4804-9AA2-082A922391A0}.Debug|Any CPU.Build.0 = Debug|Any CPU
		{A023796F-2450-4804-9AA2-082A922391A0}.Release|Any CPU.ActiveCfg = Release|Any CPU
		{A023796F-2450-4804-9AA2-082A922391A0}.Release|Any CPU.Build.0 = Release|Any CPU
		{C295E9FF-A3DE-4643-955C-7015F479F423}.Debug|Any CPU.ActiveCfg = Debug|Any CPU
		{C295E9FF-A3DE-4643-955C-7015F479F423}.Debug|Any CPU.Build.0 = Debug|Any CPU
		{C295E9FF-A3DE-4643-955C-7015F479F423}.Release|Any CPU.ActiveCfg = Release|Any CPU
		{C295E9FF-A3DE-4643-955C-7015F479F423}.Release|Any CPU.Build.0 = Release|Any CPU
		{0C1B873B-283E-4E6C-8AC0-B80F1F75825F}.Debug|Any CPU.ActiveCfg = Debug|Any CPU
		{0C1B873B-283E-4E6C-8AC0-B80F1F75825F}.Debug|Any CPU.Build.0 = Debug|Any CPU
		{0C1B873B-283E-4E6C-8AC0-B80F1F75825F}.Release|Any CPU.ActiveCfg = Release|Any CPU
		{0C1B873B-283E-4E6C-8AC0-B80F1F75825F}.Release|Any CPU.Build.0 = Release|Any CPU
	EndGlobalSection
	GlobalSection(SolutionProperties) = preSolution
		HideSolutionNode = FALSE
	EndGlobalSection
	GlobalSection(ExtensibilityGlobals) = postSolution
		SolutionGuid = {B6234E73-8615-495B-B2E3-D998585CF386}
	EndGlobalSection
EndGlobal
